{
  "name": "skylark-jqueryui-interact",
  "version": "0.9.0",
  "lockfileVersion": 1,
  "requires": true,
  "dependencies": {
    "skylark-jquery": {
      "version": "git+https://github.com/skylarkutils/skylark-jquery.git#9094e7bbfe6ef91804018d0466ae2d7590f9d3f6",
      "from": "git+https://github.com/skylarkutils/skylark-jquery.git#master"
    },
    "skylark-langx": {
      "version": "git+https://github.com/skylarklangx/skylark-langx.git#82a0443e1664e462052d9afa064fa3f1ad61c379",
      "from": "git+https://github.com/skylarklangx/skylark-langx.git#master"
    },
    "skylark-utils-dom": {
      "version": "git+https://github.com/skylarkutils/skylark-utils-dom.git#3653a26abf24669e3401131a4453d92c31ba57a4",
      "from": "git+https://github.com/skylarkutils/skylark-utils-dom.git#master",
      "requires": {
        "skylark-langx": "git+https://github.com/skylarklangx/skylark-langx.git#master"
      }
    }
  }
}
